
Microsoft Visual Studio Solution File, Format Version 12.00
# Visual Studio Version 17
VisualStudioVersion = 17.1.32210.238
MinimumVisualStudioVersion = 10.0.40219.1
Project("{FAE04EC0-301F-11D3-BF4B-00C04F79EFBC}") = "Stone-Scissors-Paper", "Stone-Scissors-Paper\Stone-Scissors-Paper.csproj", "{9BC05A07-C4D5-40AC-8408-B68BB6D77E29}"
EndProject
Global
	GlobalSection(SolutionConfigurationPlatforms) = preSolution
		Debug|Any CPU = Debug|Any CPU
		Release|Any CPU = Release|Any CPU
	EndGlobalSection
	GlobalSection(ProjectConfigurationPlatforms) = postSolution
		{9BC05A07-C4D5-40AC-8408-B68BB6D77E29}.Debug|Any CPU.ActiveCfg = Debug|Any CPU
		{9BC05A07-C4D5-40AC-8408-B68BB6D77E29}.Debug|Any CPU.Build.0 = Debug|Any CPU
		{9BC05A07-C4D5-40AC-8408-B68BB6D77E29}.Release|Any CPU.ActiveCfg = Release|Any CPU
		{9BC05A07-C4D5-40AC-8408-B68BB6D77E29}.Release|Any CPU.Build.0 = Release|Any CPU
	EndGlobalSection
	GlobalSection(SolutionProperties) = preSolution
		HideSolutionNode = FALSE
	EndGlobalSection
	GlobalSection(ExtensibilityGlobals) = postSolution
		SolutionGuid = {59A15805-485A-4DE6-8CD1-BE04311484AE}
	EndGlobalSection
EndGlobal
